dependencies:
  esp-idf-lib/encoder:
    dependencies: []
    source:
      path: H:\FrameFilm\firmware\frame_film\managed_components\esp-idf-lib__encoder
      type: local
    version: 3.0.2
  espressif/button:
    dependencies: []
    source:
      path: H:\FrameFilm\firmware\frame_film\managed_components\espressif__button
      type: local
    version: 3.5.0
  espressif/cmake_utilities:
    component_hash: 351350613ceafba240b761b4ea991e0f231ac7a9f59a9ee901f751bddc0bb18f
    dependencies:
    - name: idf
      require: private
      version: '>=4.1'
    source:
      registry_url: https://components.espressif.com/
      type: service
    version: 0.5.3
  espressif/led_strip:
    dependencies: []
    source:
      path: H:\FrameFilm\firmware\frame_film\managed_components\espressif__led_strip
      type: local
    version: 3.0.1
  idf:
    source:
      type: idf
    version: 5.5.2
  lvgl/lvgl:
    dependencies: []
    source:
      path: H:\FrameFilm\firmware\frame_film\managed_components\lvgl__lvgl
      type: local
    version: 9.6.0~1
direct_dependencies:
- esp-idf-lib/encoder
- espressif/button
- espressif/cmake_utilities
- espressif/led_strip
- idf
- lvgl/lvgl
manifest_hash: 327900de1ada4440a337389791925ac3732d52f8ff4fb34199ec36d2249020b0
target: esp32s3
version: 2.0.0
